
Microsoft Visual Studio Solution File, Format Version 12.00
# Visual Studio 2012
Project("{FAE04EC0-301F-11D3-BF4B-00C04F79EFBC}") = "BitcoinTxWatcher", "BitcoinTxWatcher\BitcoinTxWatcher.csproj", "{FF26DCF7-4C48-42FE-86BA-1D697F11DDF2}"
EndProject
Project("{FAE04EC0-301F-11D3-BF4B-00C04F79EFBC}") = "Open.Sniffer", "..\Open.Sniffer\Open.Sniffer\Open.Sniffer.csproj", "{EC2D7E72-9F4F-420F-B7D9-5D5109784A9D}"
EndProject
Global
	GlobalSection(SolutionConfigurationPlatforms) = preSolution
		Debug|Any CPU = Debug|Any CPU
		Release|Any CPU = Release|Any CPU
	EndGlobalSection
	GlobalSection(ProjectConfigurationPlatforms) = postSolution
		{FF26DCF7-4C48-42FE-86BA-1D697F11DDF2}.Debug|Any CPU.ActiveCfg = Debug|Any CPU
		{FF26DCF7-4C48-42FE-86BA-1D697F11DDF2}.Debug|Any CPU.Build.0 = Debug|Any CPU
		{FF26DCF7-4C48-42FE-86BA-1D697F11DDF2}.Release|Any CPU.ActiveCfg = Release|Any CPU
		{FF26DCF7-4C48-42FE-86BA-1D697F11DDF2}.Release|Any CPU.Build.0 = Release|Any CPU
		{EC2D7E72-9F4F-420F-B7D9-5D5109784A9D}.Debug|Any CPU.ActiveCfg = Debug|Any CPU
		{EC2D7E72-9F4F-420F-B7D9-5D5109784A9D}.Debug|Any CPU.Build.0 = Debug|Any CPU
		{EC2D7E72-9F4F-420F-B7D9-5D5109784A9D}.Release|Any CPU.ActiveCfg = Release|Any CPU
		{EC2D7E72-9F4F-420F-B7D9-5D5109784A9D}.Release|Any CPU.Build.0 = Release|Any CPU
	EndGlobalSection
	GlobalSection(SolutionProperties) = preSolution
		HideSolutionNode = FALSE
	EndGlobalSection
EndGlobal
